
Microsoft Visual Studio Solution File, Format Version 12.00
# Visual Studio Version 17
VisualStudioVersion = 17.10.34707.107
MinimumVisualStudioVersion = 10.0.40219.1
Project("{FAE04EC0-301F-11D3-BF4B-00C04F79EFBC}") = "lab4", "lab4.csproj", "{E0CCDD94-E5A1-45B6-928F-91D9FA1EAFCB}"
EndProject
Global
	GlobalSection(SolutionConfigurationPlatforms) = preSolution
		Debug|Any CPU = Debug|Any CPU
		Release|Any CPU = Release|Any CPU
	EndGlobalSection
	GlobalSection(ProjectConfigurationPlatforms) = postSolution
		{E0CCDD94-E5A1-45B6-928F-91D9FA1EAFCB}.Debug|Any CPU.ActiveCfg = Debug|Any CPU
		{E0CCDD94-E5A1-45B6-928F-91D9FA1EAFCB}.Debug|Any CPU.Build.0 = Debug|Any CPU
		{E0CCDD94-E5A1-45B6-928F-91D9FA1EAFCB}.Release|Any CPU.ActiveCfg = Release|Any CPU
		{E0CCDD94-E5A1-45B6-928F-91D9FA1EAFCB}.Release|Any CPU.Build.0 = Release|Any CPU
	EndGlobalSection
	GlobalSection(SolutionProperties) = preSolution
		HideSolutionNode = FALSE
	EndGlobalSection
	GlobalSection(ExtensibilityGlobals) = postSolution
		SolutionGuid = {3501F0C7-9D77-4849-94FC-A8DEB9706DB6}
	EndGlobalSection
EndGlobal
